
Microsoft Visual Studio Solution File, Format Version 12.00
# Visual Studio Version 17
VisualStudioVersion = 17.4.33213.308
MinimumVisualStudioVersion = 10.0.40219.1
Project("{FAE04EC0-301F-11D3-BF4B-00C04F79EFBC}") = "EAP_C2108G1_ABC", "EAP_C2108G1_ABC\EAP_C2108G1_ABC.csproj", "{FFFD90DC-18A9-4D2C-96FE-D7BD65505185}"
EndProject
Global
	GlobalSection(SolutionConfigurationPlatforms) = preSolution
		Debug|Any CPU = Debug|Any CPU
		Release|Any CPU = Release|Any CPU
	EndGlobalSection
	GlobalSection(ProjectConfigurationPlatforms) = postSolution
		{FFFD90DC-18A9-4D2C-96FE-D7BD65505185}.Debug|Any CPU.ActiveCfg = Debug|Any CPU
		{FFFD90DC-18A9-4D2C-96FE-D7BD65505185}.Debug|Any CPU.Build.0 = Debug|Any CPU
		{FFFD90DC-18A9-4D2C-96FE-D7BD65505185}.Release|Any CPU.ActiveCfg = Release|Any CPU
		{FFFD90DC-18A9-4D2C-96FE-D7BD65505185}.Release|Any CPU.Build.0 = Release|Any CPU
	EndGlobalSection
	GlobalSection(SolutionProperties) = preSolution
		HideSolutionNode = FALSE
	EndGlobalSection
	GlobalSection(ExtensibilityGlobals) = postSolution
		SolutionGuid = {BBCDA9C4-499D-46C3-B3D9-476BCBA25B1B}
	EndGlobalSection
EndGlobal
